
Microsoft Visual Studio Solution File, Format Version 12.00
# Visual Studio 15
VisualStudioVersion = 15.0.28307.136
MinimumVisualStudioVersion = 10.0.40219.1
Project("{9A19103F-16F7-4668-BE54-9A1E7A4F7556}") = "API", "API\API.csproj", "{EFF3F66F-6A5B-4861-94A6-065AF5864AE8}"
EndProject
Project("{9A19103F-16F7-4668-BE54-9A1E7A4F7556}") = "UnitTestsFixed", "UnitTestsFixed\UnitTestsFixed.csproj", "{FDCEBAE8-9855-4B17-97A9-5F61BFD8DD8F}"
EndProject
Project("{9A19103F-16F7-4668-BE54-9A1E7A4F7556}") = "UnitTestsWithError", "UnitTestsWithError\UnitTestsWithError.csproj", "{EA3D6E08-4744-4D2F-9824-B4E262CEF077}"
EndProject
Global
	GlobalSection(SolutionConfigurationPlatforms) = preSolution
		Debug|Any CPU = Debug|Any CPU
		Release|Any CPU = Release|Any CPU
	EndGlobalSection
	GlobalSection(ProjectConfigurationPlatforms) = postSolution
		{EFF3F66F-6A5B-4861-94A6-065AF5864AE8}.Debug|Any CPU.ActiveCfg = Debug|Any CPU
		{EFF3F66F-6A5B-4861-94A6-065AF5864AE8}.Debug|Any CPU.Build.0 = Debug|Any CPU
		{EFF3F66F-6A5B-4861-94A6-065AF5864AE8}.Release|Any CPU.ActiveCfg = Release|Any CPU
		{EFF3F66F-6A5B-4861-94A6-065AF5864AE8}.Release|Any CPU.Build.0 = Release|Any CPU
		{FDCEBAE8-9855-4B17-97A9-5F61BFD8DD8F}.Debug|Any CPU.ActiveCfg = Debug|Any CPU
		{FDCEBAE8-9855-4B17-97A9-5F61BFD8DD8F}.Debug|Any CPU.Build.0 = Debug|Any CPU
		{FDCEBAE8-9855-4B17-97A9-5F61BFD8DD8F}.Release|Any CPU.ActiveCfg = Release|Any CPU
		{FDCEBAE8-9855-4B17-97A9-5F61BFD8DD8F}.Release|Any CPU.Build.0 = Release|Any CPU
		{EA3D6E08-4744-4D2F-9824-B4E262CEF077}.Debug|Any CPU.ActiveCfg = Debug|Any CPU
		{EA3D6E08-4744-4D2F-9824-B4E262CEF077}.Debug|Any CPU.Build.0 = Debug|Any CPU
		{EA3D6E08-4744-4D2F-9824-B4E262CEF077}.Release|Any CPU.ActiveCfg = Release|Any CPU
		{EA3D6E08-4744-4D2F-9824-B4E262CEF077}.Release|Any CPU.Build.0 = Release|Any CPU
	EndGlobalSection
	GlobalSection(SolutionProperties) = preSolution
		HideSolutionNode = FALSE
	EndGlobalSection
	GlobalSection(ExtensibilityGlobals) = postSolution
		SolutionGuid = {71D27510-06C0-45D2-BEAE-63E2DB4384BD}
	EndGlobalSection
EndGlobal
